
Microsoft Visual Studio Solution File, Format Version 12.00
# Visual Studio Version 17
VisualStudioVersion = 17.4.33213.308
MinimumVisualStudioVersion = 10.0.40219.1
Project("{FAE04EC0-301F-11D3-BF4B-00C04F79EFBC}") = "mf-apis-web-services-fuel-maneger", "mf-apis-web-services-fuel-maneger\mf-apis-web-services-fuel-maneger.csproj", "{A3635AF1-C83E-44D5-B54D-021F4190D1F2}"
EndProject
Global
	GlobalSection(SolutionConfigurationPlatforms) = preSolution
		Debug|Any CPU = Debug|Any CPU
		Release|Any CPU = Release|Any CPU
	EndGlobalSection
	GlobalSection(ProjectConfigurationPlatforms) = postSolution
		{A3635AF1-C83E-44D5-B54D-021F4190D1F2}.Debug|Any CPU.ActiveCfg = Debug|Any CPU
		{A3635AF1-C83E-44D5-B54D-021F4190D1F2}.Debug|Any CPU.Build.0 = Debug|Any CPU
		{A3635AF1-C83E-44D5-B54D-021F4190D1F2}.Release|Any CPU.ActiveCfg = Release|Any CPU
		{A3635AF1-C83E-44D5-B54D-021F4190D1F2}.Release|Any CPU.Build.0 = Release|Any CPU
	EndGlobalSection
	GlobalSection(SolutionProperties) = preSolution
		HideSolutionNode = FALSE
	EndGlobalSection
	GlobalSection(ExtensibilityGlobals) = postSolution
		SolutionGuid = {089E2B73-891E-42DE-AEFD-32AAACD0BCCB}
	EndGlobalSection
EndGlobal
